
Microsoft Visual Studio Solution File, Format Version 12.00
# Visual Studio Version 16
VisualStudioVersion = 16.0.31729.503
MinimumVisualStudioVersion = 10.0.40219.1
Project("{FAE04EC0-301F-11D3-BF4B-00C04F79EFBC}") = "socketnumber", "socketnumber\socketnumber.csproj", "{851D0ED5-DBE0-4DE9-969D-BE67C11C9817}"
EndProject
Global
	GlobalSection(SolutionConfigurationPlatforms) = preSolution
		Debug|Any CPU = Debug|Any CPU
		Release|Any CPU = Release|Any CPU
	EndGlobalSection
	GlobalSection(ProjectConfigurationPlatforms) = postSolution
		{851D0ED5-DBE0-4DE9-969D-BE67C11C9817}.Debug|Any CPU.ActiveCfg = Debug|Any CPU
		{851D0ED5-DBE0-4DE9-969D-BE67C11C9817}.Debug|Any CPU.Build.0 = Debug|Any CPU
		{851D0ED5-DBE0-4DE9-969D-BE67C11C9817}.Release|Any CPU.ActiveCfg = Release|Any CPU
		{851D0ED5-DBE0-4DE9-969D-BE67C11C9817}.Release|Any CPU.Build.0 = Release|Any CPU
	EndGlobalSection
	GlobalSection(SolutionProperties) = preSolution
		HideSolutionNode = FALSE
	EndGlobalSection
	GlobalSection(ExtensibilityGlobals) = postSolution
		SolutionGuid = {674B493D-72FA-4AE4-9676-5DF907F0434E}
	EndGlobalSection
EndGlobal
