
Microsoft Visual Studio Solution File, Format Version 12.00
# Visual Studio Version 16
VisualStudioVersion = 16.0.31729.503
MinimumVisualStudioVersion = 10.0.40219.1
Project("{FAE04EC0-301F-11D3-BF4B-00C04F79EFBC}") = "socketnumberserver", "WindowsFormsApp1\socketnumberserver.csproj", "{ED167F89-4BF1-48E1-8B7B-86C826205E32}"
EndProject
Global
	GlobalSection(SolutionConfigurationPlatforms) = preSolution
		Debug|Any CPU = Debug|Any CPU
		Release|Any CPU = Release|Any CPU
	EndGlobalSection
	GlobalSection(ProjectConfigurationPlatforms) = postSolution
		{ED167F89-4BF1-48E1-8B7B-86C826205E32}.Debug|Any CPU.ActiveCfg = Debug|Any CPU
		{ED167F89-4BF1-48E1-8B7B-86C826205E32}.Debug|Any CPU.Build.0 = Debug|Any CPU
		{ED167F89-4BF1-48E1-8B7B-86C826205E32}.Release|Any CPU.ActiveCfg = Release|Any CPU
		{ED167F89-4BF1-48E1-8B7B-86C826205E32}.Release|Any CPU.Build.0 = Release|Any CPU
	EndGlobalSection
	GlobalSection(SolutionProperties) = preSolution
		HideSolutionNode = FALSE
	EndGlobalSection
	GlobalSection(ExtensibilityGlobals) = postSolution
		SolutionGuid = {3CEA0C3A-BA7B-4394-AD6C-06AEDEC77770}
	EndGlobalSection
EndGlobal
